<Solution>
  <Folder Name="/demo/">
    <Project Path="demo/WpfToolboxDemo80/WpfToolboxDemo80.csproj" />
    <Project Path="demo/WpfToolboxDemo90/WpfToolboxDemo90.csproj" />
    <Project Path="demo/WpfToolboxDemoShare/WpfToolboxDemoShare.shproj" Id="2ba850ea-e579-4a7f-9b16-8a4072257ee0" />
  </Folder>
  <Folder Name="/Src/">
    <Project Path="Src/WpfToolbox100/WpfToolbox100.csproj" />
    <Project Path="Src/WpfToolbox80/WpfToolbox80.csproj" />
    <Project Path="Src/WpfToolbox90/WpfToolbox90.csproj" Id="1cb0735c-e9e1-4e89-8715-e509d93afe6b" />
    <Project Path="Src/WpfToolboxShare/WpfToolboxShare.shproj" Id="894c69e2-96c7-4bce-a3ff-4db487501f32" />
  </Folder>
</Solution>
